
Microsoft Visual Studio Solution File, Format Version 12.00
# Visual Studio 2013
VisualStudioVersion = 12.0.31101.0
MinimumVisualStudioVersion = 10.0.40219.1
Project("{FAE04EC0-301F-11D3-BF4B-00C04F79EFBC}") = "LicenseLottery.UI.Wpf", "LicenseLottery.UI.Wpf\LicenseLottery.UI.Wpf.csproj", "{BA7C40E2-3175-4A22-80DB-0FE0AD2EF437}"
EndProject
Project("{FAE04EC0-301F-11D3-BF4B-00C04F79EFBC}") = "LicenseLottery.Core.Tests", "LicenseLottery.Core.Tests\LicenseLottery.Core.Tests.csproj", "{6EE33494-0CCB-4754-908F-EC25B8C3B26B}"
EndProject
Project("{FAE04EC0-301F-11D3-BF4B-00C04F79EFBC}") = "LicenseLottery.Core", "LicenseLottery.Core\LicenseLottery.Core.csproj", "{6B906DC7-220A-40B3-A604-56081251E14F}"
EndProject
Global
	GlobalSection(SolutionConfigurationPlatforms) = preSolution
		Debug|Any CPU = Debug|Any CPU
		Release|Any CPU = Release|Any CPU
	EndGlobalSection
	GlobalSection(ProjectConfigurationPlatforms) = postSolution
		{BA7C40E2-3175-4A22-80DB-0FE0AD2EF437}.Debug|Any CPU.ActiveCfg = Debug|Any CPU
		{BA7C40E2-3175-4A22-80DB-0FE0AD2EF437}.Debug|Any CPU.Build.0 = Debug|Any CPU
		{BA7C40E2-3175-4A22-80DB-0FE0AD2EF437}.Release|Any CPU.ActiveCfg = Release|Any CPU
		{BA7C40E2-3175-4A22-80DB-0FE0AD2EF437}.Release|Any CPU.Build.0 = Release|Any CPU
		{6EE33494-0CCB-4754-908F-EC25B8C3B26B}.Debug|Any CPU.ActiveCfg = Debug|Any CPU
		{6EE33494-0CCB-4754-908F-EC25B8C3B26B}.Debug|Any CPU.Build.0 = Debug|Any CPU
		{6EE33494-0CCB-4754-908F-EC25B8C3B26B}.Release|Any CPU.ActiveCfg = Release|Any CPU
		{6EE33494-0CCB-4754-908F-EC25B8C3B26B}.Release|Any CPU.Build.0 = Release|Any CPU
		{6B906DC7-220A-40B3-A604-56081251E14F}.Debug|Any CPU.ActiveCfg = Debug|Any CPU
		{6B906DC7-220A-40B3-A604-56081251E14F}.Debug|Any CPU.Build.0 = Debug|Any CPU
		{6B906DC7-220A-40B3-A604-56081251E14F}.Release|Any CPU.ActiveCfg = Release|Any CPU
		{6B906DC7-220A-40B3-A604-56081251E14F}.Release|Any CPU.Build.0 = Release|Any CPU
	EndGlobalSection
	GlobalSection(SolutionProperties) = preSolution
		HideSolutionNode = FALSE
	EndGlobalSection
EndGlobal
